Microsoft Visual Studio Solution File, Format Version 12.00
# Visual Studio Version 17
VisualStudioVersion = 17.1.32228.430
MinimumVisualStudioVersion = 16.0.0.0
Project("{9A19103F-16F7-4668-BE54-9A1E7A4F7556}") = "Solution.Server", "Server\Solution.Server.csproj", "{92768D9D-F1D6-4560-A77B-F519950C2644}"
EndProject
Project("{9A19103F-16F7-4668-BE54-9A1E7A4F7556}") = "Solution.Client", "Client\Solution.Client.csproj", "{BE0A18D5-1594-4357-B28D-033DD9F53630}"
EndProject
Project("{9A19103F-16F7-4668-BE54-9A1E7A4F7556}") = "Solution.Shared", "Shared\Solution.Shared.csproj", "{D1B38F55-0DF9-445F-A48A-33B947249B6E}"
EndProject
Global
	GlobalSection(SolutionConfigurationPlatforms) = preSolution
		Debug|Any CPU = Debug|Any CPU
		Debug|x64 = Debug|x64
		Debug|x86 = Debug|x86
		Release|Any CPU = Release|Any CPU
		Release|x64 = Release|x64
		Release|x86 = Release|x86
	EndGlobalSection
	GlobalSection(ProjectConfigurationPlatforms) = postSolution
		{92768D9D-F1D6-4560-A77B-F519950C2644}.Debug|Any CPU.ActiveCfg = Debug|Any CPU
		{92768D9D-F1D6-4560-A77B-F519950C2644}.Debug|Any CPU.Build.0 = Debug|Any CPU
		{92768D9D-F1D6-4560-A77B-F519950C2644}.Debug|x64.ActiveCfg = Debug|Any CPU
		{92768D9D-F1D6-4560-A77B-F519950C2644}.Debug|x64.Build.0 = Debug|Any CPU
		{92768D9D-F1D6-4560-A77B-F519950C2644}.Debug|x86.ActiveCfg = Debug|Any CPU
		{92768D9D-F1D6-4560-A77B-F519950C2644}.Debug|x86.Build.0 = Debug|Any CPU
		{92768D9D-F1D6-4560-A77B-F519950C2644}.Release|Any CPU.ActiveCfg = Release|Any CPU
		{92768D9D-F1D6-4560-A77B-F519950C2644}.Release|Any CPU.Build.0 = Release|Any CPU
		{92768D9D-F1D6-4560-A77B-F519950C2644}.Release|x64.ActiveCfg = Release|Any CPU
		{92768D9D-F1D6-4560-A77B-F519950C2644}.Release|x64.Build.0 = Release|Any CPU
		{92768D9D-F1D6-4560-A77B-F519950C2644}.Release|x86.ActiveCfg = Release|Any CPU
		{92768D9D-F1D6-4560-A77B-F519950C2644}.Release|x86.Build.0 = Release|Any CPU
		{BE0A18D5-1594-4357-B28D-033DD9F53630}.Debug|Any CPU.ActiveCfg = Debug|Any CPU
		{BE0A18D5-1594-4357-B28D-033DD9F53630}.Debug|Any CPU.Build.0 = Debug|Any CPU
		{BE0A18D5-1594-4357-B28D-033DD9F53630}.Debug|x64.ActiveCfg = Debug|Any CPU
		{BE0A18D5-1594-4357-B28D-033DD9F53630}.Debug|x64.Build.0 = Debug|Any CPU
		{BE0A18D5-1594-4357-B28D-033DD9F53630}.Debug|x86.ActiveCfg = Debug|Any CPU
		{BE0A18D5-1594-4357-B28D-033DD9F53630}.Debug|x86.Build.0 = Debug|Any CPU
		{BE0A18D5-1594-4357-B28D-033DD9F53630}.Release|Any CPU.ActiveCfg = Release|Any CPU
		{BE0A18D5-1594-4357-B28D-033DD9F53630}.Release|Any CPU.Build.0 = Release|Any CPU
		{BE0A18D5-1594-4357-B28D-033DD9F53630}.Release|x64.ActiveCfg = Release|Any CPU
		{BE0A18D5-1594-4357-B28D-033DD9F53630}.Release|x64.Build.0 = Release|Any CPU
		{BE0A18D5-1594-4357-B28D-033DD9F53630}.Release|x86.ActiveCfg = Release|Any CPU
		{BE0A18D5-1594-4357-B28D-033DD9F53630}.Release|x86.Build.0 = Release|Any CPU
		{D1B38F55-0DF9-445F-A48A-33B947249B6E}.Debug|Any CPU.ActiveCfg = Debug|Any CPU
		{D1B38F55-0DF9-445F-A48A-33B947249B6E}.Debug|Any CPU.Build.0 = Debug|Any CPU
		{D1B38F55-0DF9-445F-A48A-33B947249B6E}.Debug|x64.ActiveCfg = Debug|Any CPU
		{D1B38F55-0DF9-445F-A48A-33B947249B6E}.Debug|x64.Build.0 = Debug|Any CPU
		{D1B38F55-0DF9-445F-A48A-33B947249B6E}.Debug|x86.ActiveCfg = Debug|Any CPU
		{D1B38F55-0DF9-445F-A48A-33B947249B6E}.Debug|x86.Build.0 = Debug|Any CPU
		{D1B38F55-0DF9-445F-A48A-33B947249B6E}.Release|Any CPU.ActiveCfg = Release|Any CPU
		{D1B38F55-0DF9-445F-A48A-33B947249B6E}.Release|Any CPU.Build.0 = Release|Any CPU
		{D1B38F55-0DF9-445F-A48A-33B947249B6E}.Release|x64.ActiveCfg = Release|Any CPU
		{D1B38F55-0DF9-445F-A48A-33B947249B6E}.Release|x64.Build.0 = Release|Any CPU
		{D1B38F55-0DF9-445F-A48A-33B947249B6E}.Release|x86.ActiveCfg = Release|Any CPU
		{D1B38F55-0DF9-445F-A48A-33B947249B6E}.Release|x86.Build.0 = Release|Any CPU
	EndGlobalSection
	GlobalSection(SolutionProperties) = preSolution
		HideSolutionNode = FALSE
	EndGlobalSection
	GlobalSection(ExtensibilityGlobals) = postSolution
		SolutionGuid = {14A595E9-2B5B-400A-B38A-9C9C041C6E08}
	EndGlobalSection
EndGlobal
